
Microsoft Visual Studio Solution File, Format Version 12.00
# Visual Studio Version 16
VisualStudioVersion = 16.0.31129.286
MinimumVisualStudioVersion = 10.0.40219.1
Project("{FAE04EC0-301F-11D3-BF4B-00C04F79EFBC}") = "MoneyManager.App", "MoneyManager.App\MoneyManager.App.csproj", "{9AD42488-D5EA-4577-95E6-34A5808CB23A}"
EndProject
Project("{FAE04EC0-301F-11D3-BF4B-00C04F79EFBC}") = "MoneyManager.DataAccess", "MoneyManager.DataAccess\MoneyManager.DataAccess.csproj", "{F141A594-A383-4D31-BAB3-B439EFE3A557}"
EndProject
Project("{FAE04EC0-301F-11D3-BF4B-00C04F79EFBC}") = "MoneyManager.DataServices", "MoneyManager.DataServices\MoneyManager.DataServices.csproj", "{6393384A-6CC2-4FCE-9346-6E06211B10FE}"
EndProject
Global
	GlobalSection(SolutionConfigurationPlatforms) = preSolution
		Debug|Any CPU = Debug|Any CPU
		Release|Any CPU = Release|Any CPU
	EndGlobalSection
	GlobalSection(ProjectConfigurationPlatforms) = postSolution
		{9AD42488-D5EA-4577-95E6-34A5808CB23A}.Debug|Any CPU.ActiveCfg = Debug|Any CPU
		{9AD42488-D5EA-4577-95E6-34A5808CB23A}.Debug|Any CPU.Build.0 = Debug|Any CPU
		{9AD42488-D5EA-4577-95E6-34A5808CB23A}.Release|Any CPU.ActiveCfg = Release|Any CPU
		{9AD42488-D5EA-4577-95E6-34A5808CB23A}.Release|Any CPU.Build.0 = Release|Any CPU
		{F141A594-A383-4D31-BAB3-B439EFE3A557}.Debug|Any CPU.ActiveCfg = Debug|Any CPU
		{F141A594-A383-4D31-BAB3-B439EFE3A557}.Debug|Any CPU.Build.0 = Debug|Any CPU
		{F141A594-A383-4D31-BAB3-B439EFE3A557}.Release|Any CPU.ActiveCfg = Release|Any CPU
		{F141A594-A383-4D31-BAB3-B439EFE3A557}.Release|Any CPU.Build.0 = Release|Any CPU
		{6393384A-6CC2-4FCE-9346-6E06211B10FE}.Debug|Any CPU.ActiveCfg = Debug|Any CPU
		{6393384A-6CC2-4FCE-9346-6E06211B10FE}.Debug|Any CPU.Build.0 = Debug|Any CPU
		{6393384A-6CC2-4FCE-9346-6E06211B10FE}.Release|Any CPU.ActiveCfg = Release|Any CPU
		{6393384A-6CC2-4FCE-9346-6E06211B10FE}.Release|Any CPU.Build.0 = Release|Any CPU
	EndGlobalSection
	GlobalSection(SolutionProperties) = preSolution
		HideSolutionNode = FALSE
	EndGlobalSection
	GlobalSection(ExtensibilityGlobals) = postSolution
		SolutionGuid = {A1FAAEBC-A1BA-46DD-9531-9C07AECF03B5}
	EndGlobalSection
EndGlobal
