
Microsoft Visual Studio Solution File, Format Version 12.00
# Visual Studio Version 16
VisualStudioVersion = 16.0.31129.286
MinimumVisualStudioVersion = 10.0.40219.1
Project("{9A19103F-16F7-4668-BE54-9A1E7A4F7556}") = "RateLimit", "RateLimit\RateLimit.csproj", "{211E8445-E2EC-4AB2-95EB-75A0DB6EA912}"
EndProject
Project("{9A19103F-16F7-4668-BE54-9A1E7A4F7556}") = "RateLimit.DataAccess", "RateLimit.DataAccess\RateLimit.DataAccess.csproj", "{83C5EAFB-BE2B-4715-94FA-350B77064111}"
EndProject
Global
	GlobalSection(SolutionConfigurationPlatforms) = preSolution
		Debug|Any CPU = Debug|Any CPU
		Release|Any CPU = Release|Any CPU
	EndGlobalSection
	GlobalSection(ProjectConfigurationPlatforms) = postSolution
		{211E8445-E2EC-4AB2-95EB-75A0DB6EA912}.Debug|Any CPU.ActiveCfg = Debug|Any CPU
		{211E8445-E2EC-4AB2-95EB-75A0DB6EA912}.Debug|Any CPU.Build.0 = Debug|Any CPU
		{211E8445-E2EC-4AB2-95EB-75A0DB6EA912}.Release|Any CPU.ActiveCfg = Release|Any CPU
		{211E8445-E2EC-4AB2-95EB-75A0DB6EA912}.Release|Any CPU.Build.0 = Release|Any CPU
		{83C5EAFB-BE2B-4715-94FA-350B77064111}.Debug|Any CPU.ActiveCfg = Debug|Any CPU
		{83C5EAFB-BE2B-4715-94FA-350B77064111}.Debug|Any CPU.Build.0 = Debug|Any CPU
		{83C5EAFB-BE2B-4715-94FA-350B77064111}.Release|Any CPU.ActiveCfg = Release|Any CPU
		{83C5EAFB-BE2B-4715-94FA-350B77064111}.Release|Any CPU.Build.0 = Release|Any CPU
	EndGlobalSection
	GlobalSection(SolutionProperties) = preSolution
		HideSolutionNode = FALSE
	EndGlobalSection
	GlobalSection(ExtensibilityGlobals) = postSolution
		SolutionGuid = {51AB0EC7-1454-43CB-BCA4-DCD4E6C641BB}
	EndGlobalSection
EndGlobal
