
Microsoft Visual Studio Solution File, Format Version 12.00
# Visual Studio Version 16
VisualStudioVersion = 16.0.31129.286
MinimumVisualStudioVersion = 10.0.40219.1
Project("{FAE04EC0-301F-11D3-BF4B-00C04F79EFBC}") = "Middleware", "Middleware\Middleware.csproj", "{F21D143E-145D-4BDE-A542-89D8244F556F}"
EndProject
Global
	GlobalSection(SolutionConfigurationPlatforms) = preSolution
		Debug|Any CPU = Debug|Any CPU
		Release|Any CPU = Release|Any CPU
	EndGlobalSection
	GlobalSection(ProjectConfigurationPlatforms) = postSolution
		{F21D143E-145D-4BDE-A542-89D8244F556F}.Debug|Any CPU.ActiveCfg = Debug|Any CPU
		{F21D143E-145D-4BDE-A542-89D8244F556F}.Debug|Any CPU.Build.0 = Debug|Any CPU
		{F21D143E-145D-4BDE-A542-89D8244F556F}.Release|Any CPU.ActiveCfg = Release|Any CPU
		{F21D143E-145D-4BDE-A542-89D8244F556F}.Release|Any CPU.Build.0 = Release|Any CPU
	EndGlobalSection
	GlobalSection(SolutionProperties) = preSolution
		HideSolutionNode = FALSE
	EndGlobalSection
	GlobalSection(ExtensibilityGlobals) = postSolution
		SolutionGuid = {8C6DD99E-EF3F-42F7-845A-41743EE9E570}
	EndGlobalSection
EndGlobal
