
Microsoft Visual Studio Solution File, Format Version 12.00
# Visual Studio Version 16
VisualStudioVersion = 16.0.31129.286
MinimumVisualStudioVersion = 10.0.40219.1
Project("{FAE04EC0-301F-11D3-BF4B-00C04F79EFBC}") = "ModelBinders", "ModelBinders\ModelBinders.csproj", "{869E8828-5450-4087-8B33-0294E83FE4E0}"
EndProject
Global
	GlobalSection(SolutionConfigurationPlatforms) = preSolution
		Debug|Any CPU = Debug|Any CPU
		Release|Any CPU = Release|Any CPU
	EndGlobalSection
	GlobalSection(ProjectConfigurationPlatforms) = postSolution
		{869E8828-5450-4087-8B33-0294E83FE4E0}.Debug|Any CPU.ActiveCfg = Debug|Any CPU
		{869E8828-5450-4087-8B33-0294E83FE4E0}.Debug|Any CPU.Build.0 = Debug|Any CPU
		{869E8828-5450-4087-8B33-0294E83FE4E0}.Release|Any CPU.ActiveCfg = Release|Any CPU
		{869E8828-5450-4087-8B33-0294E83FE4E0}.Release|Any CPU.Build.0 = Release|Any CPU
	EndGlobalSection
	GlobalSection(SolutionProperties) = preSolution
		HideSolutionNode = FALSE
	EndGlobalSection
	GlobalSection(ExtensibilityGlobals) = postSolution
		SolutionGuid = {32E8EDEB-1B65-4554-BA93-B31DC7CC1F11}
	EndGlobalSection
EndGlobal
